// !$*UTF8*$!
{
	archiveVersion = 1;
	classes = {
	};
	objectVersion = 51;
	objects = {

/* Begin PBXBuildFile section */
		AA4C0ECBDBBE09801C87DFBC /* libPods-WebSocketChatDemo.a in Frameworks */ = {isa = PBXBuildFile; fileRef = 0DEFD1E2214BDE81D1EF5962 /* libPods-WebSocketChatDemo.a */; };
		D0F4360223025BFE00102335 /* XYAccountAuth.m in Sources */ = {isa = PBXBuildFile; fileRef = D0F435FD23025BFE00102335 /* XYAccountAuth.m */; };
		D0F4360323025BFE00102335 /* XYApiClientResponse.m in Sources */ = {isa = PBXBuildFile; fileRef = D0F435FF23025BFE00102335 /* XYApiClientResponse.m */; };
		D0F4360423025BFE00102335 /* XYApiClient.m in Sources */ = {isa = PBXBuildFile; fileRef = D0F4360023025BFE00102335 /* XYApiClient.m */; };
		D0F4361623025C0E00102335 /* XYMainNavigationController.m in Sources */ = {isa = PBXBuildFile; fileRef = D0F4360623025C0E00102335 /* XYMainNavigationController.m */; };
		D0F4361723025C0E00102335 /* XYMessageListViewController.m in Sources */ = {isa = PBXBuildFile; fileRef = D0F4360A23025C0E00102335 /* XYMessageListViewController.m */; };
		D0F4361823025C0E00102335 /* XYDialog.m in Sources */ = {isa = PBXBuildFile; fileRef = D0F4360B23025C0E00102335 /* XYDialog.m */; };
		D0F4361923025C0E00102335 /* XYDialogListViewController.m in Sources */ = {isa = PBXBuildFile; fileRef = D0F4360C23025C0E00102335 /* XYDialogListViewController.m */; };
		D0F4361A23025C0E00102335 /* XYMessageListViewModel.m in Sources */ = {isa = PBXBuildFile; fileRef = D0F4360D23025C0E00102335 /* XYMessageListViewModel.m */; };
		D0F4361B23025C0E00102335 /* XYMessage.m in Sources */ = {isa = PBXBuildFile; fileRef = D0F4360E23025C0E00102335 /* XYMessage.m */; };
		D0F4361C23025C0E00102335 /* XYWebSocketClient.m in Sources */ = {isa = PBXBuildFile; fileRef = D0F4360F23025C0E00102335 /* XYWebSocketClient.m */; };
		D0F4361D23025C0E00102335 /* XYDialogListViewModel.m in Sources */ = {isa = PBXBuildFile; fileRef = D0F4361023025C0E00102335 /* XYDialogListViewModel.m */; };
		D0F4362623025C2700102335 /* XYAuthenticationManager.m in Sources */ = {isa = PBXBuildFile; fileRef = D0F4362023025C2700102335 /* XYAuthenticationManager.m */; };
		D0F4362723025C2700102335 /* XYLoginViewController.m in Sources */ = {isa = PBXBuildFile; fileRef = D0F4362123025C2700102335 /* XYLoginViewController.m */; };
		D0F4362823025C2700102335 /* XYUser.m in Sources */ = {isa = PBXBuildFile; fileRef = D0F4362223025C2700102335 /* XYUser.m */; };
		D0F4362923025C2700102335 /* XYLoginViewController.xib in Resources */ = {isa = PBXBuildFile; fileRef = D0F4362323025C2700102335 /* XYLoginViewController.xib */; };
		D0F4362C23029DFA00102335 /* XYDefines.m in Sources */ = {isa = PBXBuildFile; fileRef = D0F4362B23029DFA00102335 /* XYDefines.m */; };
		D24BC68322FE98AE000F905D /* AppDelegate.m in Sources */ = {isa = PBXBuildFile; fileRef = D24BC68222FE98AE000F905D /* AppDelegate.m */; };
		D24BC68B22FE98B2000F905D /* Assets.xcassets in Resources */ = {isa = PBXBuildFile; fileRef = D24BC68A22FE98B2000F905D /* Assets.xcassets */; };
		D24BC68E22FE98B2000F905D /* LaunchScreen.storyboard in Resources */ = {isa = PBXBuildFile; fileRef = D24BC68C22FE98B2000F905D /* LaunchScreen.storyboard */; };
		D24BC69122FE98B2000F905D /* main.m in Sources */ = {isa = PBXBuildFile; fileRef = D24BC69022FE98B2000F905D /* main.m */; };
		D24BC6BB22FE9B5E000F905D /* MMMaterialDesignSpinner.m in Sources */ = {isa = PBXBuildFile; fileRef = D24BC6A422FE9B5E000F905D /* MMMaterialDesignSpinner.m */; };
		D24BC6BC22FE9B5E000F905D /* SVRadialGradientLayer.m in Sources */ = {isa = PBXBuildFile; fileRef = D24BC6A622FE9B5E000F905D /* SVRadialGradientLayer.m */; };
		D24BC6BD22FE9B5E000F905D /* SVProgressAnimatedView.m in Sources */ = {isa = PBXBuildFile; fileRef = D24BC6A922FE9B5E000F905D /* SVProgressAnimatedView.m */; };
		D24BC6BE22FE9B5E000F905D /* SVProgressHUD.m in Sources */ = {isa = PBXBuildFile; fileRef = D24BC6AC22FE9B5E000F905D /* SVProgressHUD.m */; };
		D24BC6BF22FE9B5E000F905D /* SVIndefiniteAnimatedView.m in Sources */ = {isa = PBXBuildFile; fileRef = D24BC6AD22FE9B5E000F905D /* SVIndefiniteAnimatedView.m */; };
		D24BC6C022FE9B5E000F905D /* SVProgressHUD.bundle in Resources */ = {isa = PBXBuildFile; fileRef = D24BC6AE22FE9B5E000F905D /* SVProgressHUD.bundle */; };
		D24BC6C122FE9B5E000F905D /* FBShimmeringLayer.m in Sources */ = {isa = PBXBuildFile; fileRef = D24BC6B622FE9B5E000F905D /* FBShimmeringLayer.m */; };
		D24BC6C222FE9B5E000F905D /* FBShimmeringView.m in Sources */ = {isa = PBXBuildFile; fileRef = D24BC6B722FE9B5E000F905D /* FBShimmeringView.m */; };
		D24BC6C322FE9B5E000F905D /* DeformationButton.m in Sources */ = {isa = PBXBuildFile; fileRef = D24BC6B922FE9B5E000F905D /* DeformationButton.m */; };
		D24BC6C822FEA297000F905D /* XYSafeTimer.m in Sources */ = {isa = PBXBuildFile; fileRef = D24BC6C722FEA297000F905D /* XYSafeTimer.m */; };
/* End PBXBuildFile section */

/* Begin PBXFileReference section */
		0DEFD1E2214BDE81D1EF5962 /* libPods-WebSocketChatDemo.a */ = {isa = PBXFileReference; explicitFileType = archive.ar; includeInIndex = 0; path = "libPods-WebSocketChatDemo.a"; sourceTree = BUILT_PRODUCTS_DIR; };
		BF5F68C2281EE800D915990E /* Pods-WebSocketChatDemo.release.xcconfig */ = {isa = PBXFileReference; includeInIndex = 1; lastKnownFileType = text.xcconfig; name = "Pods-WebSocketChatDemo.release.xcconfig"; path = "Target Support Files/Pods-WebSocketChatDemo/Pods-WebSocketChatDemo.release.xcconfig"; sourceTree = "<group>"; };
		D0F435FC23025BFE00102335 /* XYApiClient.h */ = {isa = PBXFileReference; fileEncoding = 4; lastKnownFileType = sourcecode.c.h; path = XYApiClient.h; sourceTree = "<group>"; };
		D0F435FD23025BFE00102335 /* XYAccountAuth.m */ = {isa = PBXFileReference; fileEncoding = 4; lastKnownFileType = sourcecode.c.objc; path = XYAccountAuth.m; sourceTree = "<group>"; };
		D0F435FE23025BFE00102335 /* XYApiClientResponse.h */ = {isa = PBXFileReference; fileEncoding = 4; lastKnownFileType = sourcecode.c.h; path = XYApiClientResponse.h; sourceTree = "<group>"; };
		D0F435FF23025BFE00102335 /* XYApiClientResponse.m */ = {isa = PBXFileReference; fileEncoding = 4; lastKnownFileType = sourcecode.c.objc; path = XYApiClientResponse.m; sourceTree = "<group>"; };
		D0F4360023025BFE00102335 /* XYApiClient.m */ = {isa = PBXFileReference; fileEncoding = 4; lastKnownFileType = sourcecode.c.objc; path = XYApiClient.m; sourceTree = "<group>"; };
		D0F4360123025BFE00102335 /* XYAccountAuth.h */ = {isa = PBXFileReference; fileEncoding = 4; lastKnownFileType = sourcecode.c.h; path = XYAccountAuth.h; sourceTree = "<group>"; };
		D0F4360623025C0E00102335 /* XYMainNavigationController.m */ = {isa = PBXFileReference; fileEncoding = 4; lastKnownFileType = sourcecode.c.objc; path = XYMainNavigationController.m; sourceTree = "<group>"; };
		D0F4360723025C0E00102335 /* XYDialogListViewModel.h */ = {isa = PBXFileReference; fileEncoding = 4; lastKnownFileType = sourcecode.c.h; path = XYDialogListViewModel.h; sourceTree = "<group>"; };
		D0F4360823025C0E00102335 /* XYMessage.h */ = {isa = PBXFileReference; fileEncoding = 4; lastKnownFileType = sourcecode.c.h; path = XYMessage.h; sourceTree = "<group>"; };
		D0F4360923025C0E00102335 /* XYWebSocketClient.h */ = {isa = PBXFileReference; fileEncoding = 4; lastKnownFileType = sourcecode.c.h; path = XYWebSocketClient.h; sourceTree = "<group>"; };
		D0F4360A23025C0E00102335 /* XYMessageListViewController.m */ = {isa = PBXFileReference; fileEncoding = 4; lastKnownFileType = sourcecode.c.objc; path = XYMessageListViewController.m; sourceTree = "<group>"; };
		D0F4360B23025C0E00102335 /* XYDialog.m */ = {isa = PBXFileReference; fileEncoding = 4; lastKnownFileType = sourcecode.c.objc; path = XYDialog.m; sourceTree = "<group>"; };
		D0F4360C23025C0E00102335 /* XYDialogListViewController.m */ = {isa = PBXFileReference; fileEncoding = 4; lastKnownFileType = sourcecode.c.objc; path = XYDialogListViewController.m; sourceTree = "<group>"; };
		D0F4360D23025C0E00102335 /* XYMessageListViewModel.m */ = {isa = PBXFileReference; fileEncoding = 4; lastKnownFileType = sourcecode.c.objc; path = XYMessageListViewModel.m; sourceTree = "<group>"; };
		D0F4360E23025C0E00102335 /* XYMessage.m */ = {isa = PBXFileReference; fileEncoding = 4; lastKnownFileType = sourcecode.c.objc; path = XYMessage.m; sourceTree = "<group>"; };
		D0F4360F23025C0E00102335 /* XYWebSocketClient.m */ = {isa = PBXFileReference; fileEncoding = 4; lastKnownFileType = sourcecode.c.objc; path = XYWebSocketClient.m; sourceTree = "<group>"; };
		D0F4361023025C0E00102335 /* XYDialogListViewModel.m */ = {isa = PBXFileReference; fileEncoding = 4; lastKnownFileType = sourcecode.c.objc; path = XYDialogListViewModel.m; sourceTree = "<group>"; };
		D0F4361123025C0E00102335 /* XYMainNavigationController.h */ = {isa = PBXFileReference; fileEncoding = 4; lastKnownFileType = sourcecode.c.h; path = XYMainNavigationController.h; sourceTree = "<group>"; };
		D0F4361223025C0E00102335 /* XYDialog.h */ = {isa = PBXFileReference; fileEncoding = 4; lastKnownFileType = sourcecode.c.h; path = XYDialog.h; sourceTree = "<group>"; };
		D0F4361323025C0E00102335 /* XYMessageListViewController.h */ = {isa = PBXFileReference; fileEncoding = 4; lastKnownFileType = sourcecode.c.h; path = XYMessageListViewController.h; sourceTree = "<group>"; };
		D0F4361423025C0E00102335 /* XYMessageListViewModel.h */ = {isa = PBXFileReference; fileEncoding = 4; lastKnownFileType = sourcecode.c.h; path = XYMessageListViewModel.h; sourceTree = "<group>"; };
		D0F4361523025C0E00102335 /* XYDialogListViewController.h */ = {isa = PBXFileReference; fileEncoding = 4; lastKnownFileType = sourcecode.c.h; path = XYDialogListViewController.h; sourceTree = "<group>"; };
		D0F4361F23025C2700102335 /* XYUser.h */ = {isa = PBXFileReference; fileEncoding = 4; lastKnownFileType = sourcecode.c.h; path = XYUser.h; sourceTree = "<group>"; };
		D0F4362023025C2700102335 /* XYAuthenticationManager.m */ = {isa = PBXFileReference; fileEncoding = 4; lastKnownFileType = sourcecode.c.objc; path = XYAuthenticationManager.m; sourceTree = "<group>"; };
		D0F4362123025C2700102335 /* XYLoginViewController.m */ = {isa = PBXFileReference; fileEncoding = 4; lastKnownFileType = sourcecode.c.objc; path = XYLoginViewController.m; sourceTree = "<group>"; };
		D0F4362223025C2700102335 /* XYUser.m */ = {isa = PBXFileReference; fileEncoding = 4; lastKnownFileType = sourcecode.c.objc; path = XYUser.m; sourceTree = "<group>"; };
		D0F4362323025C2700102335 /* XYLoginViewController.xib */ = {isa = PBXFileReference; fileEncoding = 4; lastKnownFileType = file.xib; path = XYLoginViewController.xib; sourceTree = "<group>"; };
		D0F4362423025C2700102335 /* XYLoginViewController.h */ = {isa = PBXFileReference; fileEncoding = 4; lastKnownFileType = sourcecode.c.h; path = XYLoginViewController.h; sourceTree = "<group>"; };
		D0F4362523025C2700102335 /* XYAuthenticationManager.h */ = {isa = PBXFileReference; fileEncoding = 4; lastKnownFileType = sourcecode.c.h; path = XYAuthenticationManager.h; sourceTree = "<group>"; };
		D0F4362A23029DFA00102335 /* XYDefines.h */ = {isa = PBXFileReference; lastKnownFileType = sourcecode.c.h; path = XYDefines.h; sourceTree = "<group>"; };
		D0F4362B23029DFA00102335 /* XYDefines.m */ = {isa = PBXFileReference; lastKnownFileType = sourcecode.c.objc; path = XYDefines.m; sourceTree = "<group>"; };
		D0F4362E23029E4100102335 /* XYPrefixHeader.pch */ = {isa = PBXFileReference; lastKnownFileType = sourcecode.c.h; path = XYPrefixHeader.pch; sourceTree = "<group>"; };
		D24BC67E22FE98AE000F905D /* WebSocketChatDemo.app */ = {isa = PBXFileReference; explicitFileType = wrapper.application; includeInIndex = 0; path = WebSocketChatDemo.app; sourceTree = BUILT_PRODUCTS_DIR; };
		D24BC68122FE98AE000F905D /* AppDelegate.h */ = {isa = PBXFileReference; lastKnownFileType = sourcecode.c.h; path = AppDelegate.h; sourceTree = "<group>"; };
		D24BC68222FE98AE000F905D /* AppDelegate.m */ = {isa = PBXFileReference; lastKnownFileType = sourcecode.c.objc; path = AppDelegate.m; sourceTree = "<group>"; };
		D24BC68A22FE98B2000F905D /* Assets.xcassets */ = {isa = PBXFileReference; lastKnownFileType = folder.assetcatalog; path = Assets.xcassets; sourceTree = "<group>"; };
		D24BC68D22FE98B2000F905D /* Base */ = {isa = PBXFileReference; lastKnownFileType = file.storyboard; name = Base; path = Base.lproj/LaunchScreen.storyboard; sourceTree = "<group>"; };
		D24BC68F22FE98B2000F905D /* Info.plist */ = {isa = PBXFileReference; lastKnownFileType = text.plist.xml; path = Info.plist; sourceTree = "<group>"; };
		D24BC69022FE98B2000F905D /* main.m */ = {isa = PBXFileReference; lastKnownFileType = sourcecode.c.objc; path = main.m; sourceTree = "<group>"; };
		D24BC6A222FE9B5E000F905D /* DeformationButton.h */ = {isa = PBXFileReference; fileEncoding = 4; lastKnownFileType = sourcecode.c.h; name = DeformationButton.h; path = WebSocketChatDemo/Extra/DeformationButton.h; sourceTree = SOURCE_ROOT; };
		D24BC6A422FE9B5E000F905D /* MMMaterialDesignSpinner.m */ = {isa = PBXFileReference; fileEncoding = 4; lastKnownFileType = sourcecode.c.objc; name = MMMaterialDesignSpinner.m; path = WebSocketChatDemo/Extra/MMMaterialDesignSpinner.m; sourceTree = SOURCE_ROOT; };
		D24BC6A622FE9B5E000F905D /* SVRadialGradientLayer.m */ = {isa = PBXFileReference; fileEncoding = 4; lastKnownFileType = sourcecode.c.objc; path = SVRadialGradientLayer.m; sourceTree = "<group>"; };
		D24BC6A722FE9B5E000F905D /* SVIndefiniteAnimatedView.h */ = {isa = PBXFileReference; fileEncoding = 4; lastKnownFileType = sourcecode.c.h; path = SVIndefiniteAnimatedView.h; sourceTree = "<group>"; };
		D24BC6A822FE9B5E000F905D /* SVProgressHUD.h */ = {isa = PBXFileReference; fileEncoding = 4; lastKnownFileType = sourcecode.c.h; path = SVProgressHUD.h; sourceTree = "<group>"; };
		D24BC6A922FE9B5E000F905D /* SVProgressAnimatedView.m */ = {isa = PBXFileReference; fileEncoding = 4; lastKnownFileType = sourcecode.c.objc; path = SVProgressAnimatedView.m; sourceTree = "<group>"; };
		D24BC6AA22FE9B5E000F905D /* SVProgressHUD-Prefix.pch */ = {isa = PBXFileReference; fileEncoding = 4; lastKnownFileType = sourcecode.c.h; path = "SVProgressHUD-Prefix.pch"; sourceTree = "<group>"; };
		D24BC6AB22FE9B5E000F905D /* SVRadialGradientLayer.h */ = {isa = PBXFileReference; fileEncoding = 4; lastKnownFileType = sourcecode.c.h; path = SVRadialGradientLayer.h; sourceTree = "<group>"; };
		D24BC6AC22FE9B5E000F905D /* SVProgressHUD.m */ = {isa = PBXFileReference; fileEncoding = 4; lastKnownFileType = sourcecode.c.objc; path = SVProgressHUD.m; sourceTree = "<group>"; };
		D24BC6AD22FE9B5E000F905D /* SVIndefiniteAnimatedView.m */ = {isa = PBXFileReference; fileEncoding = 4; lastKnownFileType = sourcecode.c.objc; path = SVIndefiniteAnimatedView.m; sourceTree = "<group>"; };
		D24BC6AE22FE9B5E000F905D /* SVProgressHUD.bundle */ = {isa = PBXFileReference; lastKnownFileType = "wrapper.plug-in"; path = SVProgressHUD.bundle; sourceTree = "<group>"; };
		D24BC6AF22FE9B5E000F905D /* SVProgressAnimatedView.h */ = {isa = PBXFileReference; fileEncoding = 4; lastKnownFileType = sourcecode.c.h; path = SVProgressAnimatedView.h; sourceTree = "<group>"; };
		D24BC6B222FE9B5E000F905D /* FBShimmering.h */ = {isa = PBXFileReference; fileEncoding = 4; lastKnownFileType = sourcecode.c.h; path = FBShimmering.h; sourceTree = "<group>"; };
		D24BC6B322FE9B5E000F905D /* FBShimmeringLayer.h */ = {isa = PBXFileReference; fileEncoding = 4; lastKnownFileType = sourcecode.c.h; path = FBShimmeringLayer.h; sourceTree = "<group>"; };
		D24BC6B422FE9B5E000F905D /* FBShimmering-Prefix.pch */ = {isa = PBXFileReference; fileEncoding = 4; lastKnownFileType = sourcecode.c.h; path = "FBShimmering-Prefix.pch"; sourceTree = "<group>"; };
		D24BC6B522FE9B5E000F905D /* FBShimmeringView.h */ = {isa = PBXFileReference; fileEncoding = 4; lastKnownFileType = sourcecode.c.h; path = FBShimmeringView.h; sourceTree = "<group>"; };
		D24BC6B622FE9B5E000F905D /* FBShimmeringLayer.m */ = {isa = PBXFileReference; fileEncoding = 4; lastKnownFileType = sourcecode.c.objc; path = FBShimmeringLayer.m; sourceTree = "<group>"; };
		D24BC6B722FE9B5E000F905D /* FBShimmeringView.m */ = {isa = PBXFileReference; fileEncoding = 4; lastKnownFileType = sourcecode.c.objc; path = FBShimmeringView.m; sourceTree = "<group>"; };
		D24BC6B822FE9B5E000F905D /* MMMaterialDesignSpinner.h */ = {isa = PBXFileReference; fileEncoding = 4; lastKnownFileType = sourcecode.c.h; name = MMMaterialDesignSpinner.h; path = WebSocketChatDemo/Extra/MMMaterialDesignSpinner.h; sourceTree = SOURCE_ROOT; };
		D24BC6B922FE9B5E000F905D /* DeformationButton.m */ = {isa = PBXFileReference; fileEncoding = 4; lastKnownFileType = sourcecode.c.objc; name = DeformationButton.m; path = WebSocketChatDemo/Extra/DeformationButton.m; sourceTree = SOURCE_ROOT; };
		D24BC6C622FEA297000F905D /* XYSafeTimer.h */ = {isa = PBXFileReference; lastKnownFileType = sourcecode.c.h; name = XYSafeTimer.h; path = WebSocketChatDemo/Extra/XYSafeTimer.h; sourceTree = SOURCE_ROOT; };
		D24BC6C722FEA297000F905D /* XYSafeTimer.m */ = {isa = PBXFileReference; lastKnownFileType = sourcecode.c.objc; name = XYSafeTimer.m; path = WebSocketChatDemo/Extra/XYSafeTimer.m; sourceTree = SOURCE_ROOT; };
		EF2B6BDF09F7F3F19E55B6D8 /* Pods-WebSocketChatDemo.debug.xcconfig */ = {isa = PBXFileReference; includeInIndex = 1; lastKnownFileType = text.xcconfig; name = "Pods-WebSocketChatDemo.debug.xcconfig"; path = "Target Support Files/Pods-WebSocketChatDemo/Pods-WebSocketChatDemo.debug.xcconfig"; sourceTree = "<group>"; };
/* End PBXFileReference section */

/* Begin PBXFrameworksBuildPhase section */
		D24BC67B22FE98AD000F905D /* Frameworks */ = {
			isa = PBXFrameworksBuildPhase;
			buildActionMask = 2147483647;
			files = (
				AA4C0ECBDBBE09801C87DFBC /* libPods-WebSocketChatDemo.a in Frameworks */,
			);
			runOnlyForDeploymentPostprocessing = 0;
		};
/* End PBXFrameworksBuildPhase section */

/* Begin PBXGroup section */
		D0F4360523025C0E00102335 /* Chat */ = {
			isa = PBXGroup;
			children = (
				D0F4360623025C0E00102335 /* XYMainNavigationController.m */,
				D0F4360723025C0E00102335 /* XYDialogListViewModel.h */,
				D0F4360823025C0E00102335 /* XYMessage.h */,
				D0F4360923025C0E00102335 /* XYWebSocketClient.h */,
				D0F4360A23025C0E00102335 /* XYMessageListViewController.m */,
				D0F4360B23025C0E00102335 /* XYDialog.m */,
				D0F4360C23025C0E00102335 /* XYDialogListViewController.m */,
				D0F4360D23025C0E00102335 /* XYMessageListViewModel.m */,
				D0F4360E23025C0E00102335 /* XYMessage.m */,
				D0F4360F23025C0E00102335 /* XYWebSocketClient.m */,
				D0F4361023025C0E00102335 /* XYDialogListViewModel.m */,
				D0F4361123025C0E00102335 /* XYMainNavigationController.h */,
				D0F4361223025C0E00102335 /* XYDialog.h */,
				D0F4361323025C0E00102335 /* XYMessageListViewController.h */,
				D0F4361423025C0E00102335 /* XYMessageListViewModel.h */,
				D0F4361523025C0E00102335 /* XYDialogListViewController.h */,
			);
			path = Chat;
			sourceTree = "<group>";
		};
		D0F4361E23025C2700102335 /* Login */ = {
			isa = PBXGroup;
			children = (
				D0F4361F23025C2700102335 /* XYUser.h */,
				D0F4362023025C2700102335 /* XYAuthenticationManager.m */,
				D0F4362123025C2700102335 /* XYLoginViewController.m */,
				D0F4362223025C2700102335 /* XYUser.m */,
				D0F4362323025C2700102335 /* XYLoginViewController.xib */,
				D0F4362423025C2700102335 /* XYLoginViewController.h */,
				D0F4362523025C2700102335 /* XYAuthenticationManager.h */,
			);
			path = Login;
			sourceTree = "<group>";
		};
		D0F4362D23029E0D00102335 /* Define */ = {
			isa = PBXGroup;
			children = (
				D0F4362A23029DFA00102335 /* XYDefines.h */,
				D0F4362B23029DFA00102335 /* XYDefines.m */,
				D0F4362E23029E4100102335 /* XYPrefixHeader.pch */,
			);
			path = Define;
			sourceTree = "<group>";
		};
		D24BC67522FE98AD000F905D = {
			isa = PBXGroup;
			children = (
				D24BC68022FE98AE000F905D /* WebSocketChatDemo */,
				D24BC67F22FE98AE000F905D /* Products */,
				F3312973DD386F6ACDF515E7 /* Pods */,
				F19B1867EF1F81FBFBB704FA /* Frameworks */,
			);
			sourceTree = "<group>";
		};
		D24BC67F22FE98AE000F905D /* Products */ = {
			isa = PBXGroup;
			children = (
				D24BC67E22FE98AE000F905D /* WebSocketChatDemo.app */,
			);
			name = Products;
			sourceTree = "<group>";
		};
		D24BC68022FE98AE000F905D /* WebSocketChatDemo */ = {
			isa = PBXGroup;
			children = (
				D0F4362D23029E0D00102335 /* Define */,
				D0F4361E23025C2700102335 /* Login */,
				D0F4360523025C0E00102335 /* Chat */,
				D24BC6CD22FEE359000F905D /* Networking */,
				D24BC6A122FE9B3C000F905D /* Extra */,
				D24BC68122FE98AE000F905D /* AppDelegate.h */,
				D24BC68222FE98AE000F905D /* AppDelegate.m */,
				D24BC68A22FE98B2000F905D /* Assets.xcassets */,
				D24BC68C22FE98B2000F905D /* LaunchScreen.storyboard */,
				D24BC68F22FE98B2000F905D /* Info.plist */,
				D24BC69022FE98B2000F905D /* main.m */,
			);
			path = WebSocketChatDemo;
			sourceTree = "<group>";
		};
		D24BC6A122FE9B3C000F905D /* Extra */ = {
			isa = PBXGroup;
			children = (
				D24BC6A222FE9B5E000F905D /* DeformationButton.h */,
				D24BC6B922FE9B5E000F905D /* DeformationButton.m */,
				D24BC6B122FE9B5E000F905D /* FBShimmering */,
				D24BC6B822FE9B5E000F905D /* MMMaterialDesignSpinner.h */,
				D24BC6A422FE9B5E000F905D /* MMMaterialDesignSpinner.m */,
				D24BC6A522FE9B5E000F905D /* SVProgressHUD */,
				D24BC6C622FEA297000F905D /* XYSafeTimer.h */,
				D24BC6C722FEA297000F905D /* XYSafeTimer.m */,
			);
			name = Extra;
			path = ../../../../../../../../../Users/swae/Documents/Github/WebSocketChatDemo/WebSocketChatDemo/Extra;
			sourceTree = "<group>";
		};
		D24BC6A522FE9B5E000F905D /* SVProgressHUD */ = {
			isa = PBXGroup;
			children = (
				D24BC6A622FE9B5E000F905D /* SVRadialGradientLayer.m */,
				D24BC6A722FE9B5E000F905D /* SVIndefiniteAnimatedView.h */,
				D24BC6A822FE9B5E000F905D /* SVProgressHUD.h */,
				D24BC6A922FE9B5E000F905D /* SVProgressAnimatedView.m */,
				D24BC6AA22FE9B5E000F905D /* SVProgressHUD-Prefix.pch */,
				D24BC6AB22FE9B5E000F905D /* SVRadialGradientLayer.h */,
				D24BC6AC22FE9B5E000F905D /* SVProgressHUD.m */,
				D24BC6AD22FE9B5E000F905D /* SVIndefiniteAnimatedView.m */,
				D24BC6AE22FE9B5E000F905D /* SVProgressHUD.bundle */,
				D24BC6AF22FE9B5E000F905D /* SVProgressAnimatedView.h */,
			);
			name = SVProgressHUD;
			path = WebSocketChatDemo/Extra/SVProgressHUD;
			sourceTree = SOURCE_ROOT;
		};
		D24BC6B122FE9B5E000F905D /* FBShimmering */ = {
			isa = PBXGroup;
			children = (
				D24BC6B222FE9B5E000F905D /* FBShimmering.h */,
				D24BC6B322FE9B5E000F905D /* FBShimmeringLayer.h */,
				D24BC6B422FE9B5E000F905D /* FBShimmering-Prefix.pch */,
				D24BC6B522FE9B5E000F905D /* FBShimmeringView.h */,
				D24BC6B622FE9B5E000F905D /* FBShimmeringLayer.m */,
				D24BC6B722FE9B5E000F905D /* FBShimmeringView.m */,
			);
			name = FBShimmering;
			path = WebSocketChatDemo/Extra/FBShimmering;
			sourceTree = SOURCE_ROOT;
		};
		D24BC6CD22FEE359000F905D /* Networking */ = {
			isa = PBXGroup;
			children = (
				D0F4360123025BFE00102335 /* XYAccountAuth.h */,
				D0F435FD23025BFE00102335 /* XYAccountAuth.m */,
				D0F435FC23025BFE00102335 /* XYApiClient.h */,
				D0F4360023025BFE00102335 /* XYApiClient.m */,
				D0F435FE23025BFE00102335 /* XYApiClientResponse.h */,
				D0F435FF23025BFE00102335 /* XYApiClientResponse.m */,
			);
			path = Networking;
			sourceTree = "<group>";
		};
		F19B1867EF1F81FBFBB704FA /* Frameworks */ = {
			isa = PBXGroup;
			children = (
				0DEFD1E2214BDE81D1EF5962 /* libPods-WebSocketChatDemo.a */,
			);
			name = Frameworks;
			sourceTree = "<group>";
		};
		F3312973DD386F6ACDF515E7 /* Pods */ = {
			isa = PBXGroup;
			children = (
				EF2B6BDF09F7F3F19E55B6D8 /* Pods-WebSocketChatDemo.debug.xcconfig */,
				BF5F68C2281EE800D915990E /* Pods-WebSocketChatDemo.release.xcconfig */,
			);
			path = Pods;
			sourceTree = "<group>";
		};
/* End PBXGroup section */

/* Begin PBXNativeTarget section */
		D24BC67D22FE98AD000F905D /* WebSocketChatDemo */ = {
			isa = PBXNativeTarget;
			buildConfigurationList = D24BC69422FE98B2000F905D /* Build configuration list for PBXNativeTarget "WebSocketChatDemo" */;
			buildPhases = (
				015B42503356504CBA7D46FB /* [CP] Check Pods Manifest.lock */,
				D24BC67A22FE98AD000F905D /* Sources */,
				D24BC67B22FE98AD000F905D /* Frameworks */,
				D24BC67C22FE98AD000F905D /* Resources */,
				47C5E982C478359046789330 /* [CP] Copy Pods Resources */,
			);
			buildRules = (
			);
			dependencies = (
			);
			name = WebSocketChatDemo;
			productName = WebSocketChatDemo;
			productReference = D24BC67E22FE98AE000F905D /* WebSocketChatDemo.app */;
			productType = "com.apple.product-type.application";
		};
/* End PBXNativeTarget section */

/* Begin PBXProject section */
		D24BC67622FE98AD000F905D /* Project object */ = {
			isa = PBXProject;
			attributes = {
				LastUpgradeCheck = 1030;
				ORGANIZATIONNAME = xiaoyuan;
				TargetAttributes = {
					D24BC67D22FE98AD000F905D = {
						CreatedOnToolsVersion = 10.3;
					};
				};
			};
			buildConfigurationList = D24BC67922FE98AD000F905D /* Build configuration list for PBXProject "WebSocketChatDemo" */;
			compatibilityVersion = "Xcode 9.3";
			developmentRegion = en;
			hasScannedForEncodings = 0;
			knownRegions = (
				en,
				Base,
			);
			mainGroup = D24BC67522FE98AD000F905D;
			productRefGroup = D24BC67F22FE98AE000F905D /* Products */;
			projectDirPath = "";
			projectRoot = "";
			targets = (
				D24BC67D22FE98AD000F905D /* WebSocketChatDemo */,
			);
		};
/* End PBXProject section */

/* Begin PBXResourcesBuildPhase section */
		D24BC67C22FE98AD000F905D /* Resources */ = {
			isa = PBXResourcesBuildPhase;
			buildActionMask = 2147483647;
			files = (
				D24BC6C022FE9B5E000F905D /* SVProgressHUD.bundle in Resources */,
				D24BC68E22FE98B2000F905D /* LaunchScreen.storyboard in Resources */,
				D24BC68B22FE98B2000F905D /* Assets.xcassets in Resources */,
				D0F4362923025C2700102335 /* XYLoginViewController.xib in Resources */,
			);
			runOnlyForDeploymentPostprocessing = 0;
		};
/* End PBXResourcesBuildPhase section */

/* Begin PBXShellScriptBuildPhase section */
		015B42503356504CBA7D46FB /* [CP] Check Pods Manifest.lock */ = {
			isa = PBXShellScriptBuildPhase;
			buildActionMask = 2147483647;
			files = (
			);
			inputFileListPaths = (
			);
			inputPaths = (
				"${PODS_PODFILE_DIR_PATH}/Podfile.lock",
				"${PODS_ROOT}/Manifest.lock",
			);
			name = "[CP] Check Pods Manifest.lock";
			outputFileListPaths = (
			);
			outputPaths = (
				"$(DERIVED_FILE_DIR)/Pods-WebSocketChatDemo-checkManifestLockResult.txt",
			);
			runOnlyForDeploymentPostprocessing = 0;
			shellPath = /bin/sh;
			shellScript = "diff \"${PODS_PODFILE_DIR_PATH}/Podfile.lock\" \"${PODS_ROOT}/Manifest.lock\" > /dev/null\nif [ $? != 0 ] ; then\n    # print error to STDERR\n    echo \"error: The sandbox is not in sync with the Podfile.lock. Run 'pod install' or update your CocoaPods installation.\" >&2\n    exit 1\nfi\n# This output is used by Xcode 'outputs' to avoid re-running this script phase.\necho \"SUCCESS\" > \"${SCRIPT_OUTPUT_FILE_0}\"\n";
			showEnvVarsInLog = 0;
		};
		47C5E982C478359046789330 /* [CP] Copy Pods Resources */ = {
			isa = PBXShellScriptBuildPhase;
			buildActionMask = 2147483647;
			files = (
			);
			inputFileListPaths = (
				"",
			);
			inputPaths = (
				"${PODS_ROOT}/Target Support Files/Pods-WebSocketChatDemo/Pods-WebSocketChatDemo-resources.sh",
				"${PODS_ROOT}/JSQMessagesViewController/JSQMessagesViewController/Assets/JSQMessagesAssets.bundle",
				"${PODS_ROOT}/JSQMessagesViewController/JSQMessagesViewController/Controllers/JSQMessagesViewController.xib",
				"${PODS_ROOT}/JSQMessagesViewController/JSQMessagesViewController/Views/JSQMessagesCollectionViewCellIncoming.xib",
				"${PODS_ROOT}/JSQMessagesViewController/JSQMessagesViewController/Views/JSQMessagesCollectionViewCellOutgoing.xib",
				"${PODS_ROOT}/JSQMessagesViewController/JSQMessagesViewController/Views/JSQMessagesLoadEarlierHeaderView.xib",
				"${PODS_ROOT}/JSQMessagesViewController/JSQMessagesViewController/Views/JSQMessagesToolbarContentView.xib",
				"${PODS_ROOT}/JSQMessagesViewController/JSQMessagesViewController/Views/JSQMessagesTypingIndicatorFooterView.xib",
				"${PODS_ROOT}/MJRefresh/MJRefresh/MJRefresh.bundle",
			);
			name = "[CP] Copy Pods Resources";
			outputFileListPaths = (
				"",
			);
			outputPaths = (
				"${TARGET_BUILD_DIR}/${UNLOCALIZED_RESOURCES_FOLDER_PATH}/JSQMessagesAssets.bundle",
				"${TARGET_BUILD_DIR}/${UNLOCALIZED_RESOURCES_FOLDER_PATH}/JSQMessagesViewController.nib",
				"${TARGET_BUILD_DIR}/${UNLOCALIZED_RESOURCES_FOLDER_PATH}/JSQMessagesCollectionViewCellIncoming.nib",
				"${TARGET_BUILD_DIR}/${UNLOCALIZED_RESOURCES_FOLDER_PATH}/JSQMessagesCollectionViewCellOutgoing.nib",
				"${TARGET_BUILD_DIR}/${UNLOCALIZED_RESOURCES_FOLDER_PATH}/JSQMessagesLoadEarlierHeaderView.nib",
				"${TARGET_BUILD_DIR}/${UNLOCALIZED_RESOURCES_FOLDER_PATH}/JSQMessagesToolbarContentView.nib",
				"${TARGET_BUILD_DIR}/${UNLOCALIZED_RESOURCES_FOLDER_PATH}/JSQMessagesTypingIndicatorFooterView.nib",
				"${TARGET_BUILD_DIR}/${UNLOCALIZED_RESOURCES_FOLDER_PATH}/MJRefresh.bundle",
			);
			runOnlyForDeploymentPostprocessing = 0;
			shellPath = /bin/sh;
			shellScript = "\"${PODS_ROOT}/Target Support Files/Pods-WebSocketChatDemo/Pods-WebSocketChatDemo-resources.sh\"\n";
			showEnvVarsInLog = 0;
		};
/* End PBXShellScriptBuildPhase section */

/* Begin PBXSourcesBuildPhase section */
		D24BC67A22FE98AD000F905D /* Sources */ = {
			isa = PBXSourcesBuildPhase;
			buildActionMask = 2147483647;
			files = (
				D24BC6BC22FE9B5E000F905D /* SVRadialGradientLayer.m in Sources */,
				D0F4361623025C0E00102335 /* XYMainNavigationController.m in Sources */,
				D0F4361923025C0E00102335 /* XYDialogListViewController.m in Sources */,
				D0F4362623025C2700102335 /* XYAuthenticationManager.m in Sources */,
				D0F4362823025C2700102335 /* XYUser.m in Sources */,
				D24BC6C122FE9B5E000F905D /* FBShimmeringLayer.m in Sources */,
				D0F4362C23029DFA00102335 /* XYDefines.m in Sources */,
				D0F4361D23025C0E00102335 /* XYDialogListViewModel.m in Sources */,
				D0F4361C23025C0E00102335 /* XYWebSocketClient.m in Sources */,
				D24BC69122FE98B2000F905D /* main.m in Sources */,
				D0F4361B23025C0E00102335 /* XYMessage.m in Sources */,
				D24BC68322FE98AE000F905D /* AppDelegate.m in Sources */,
				D24BC6BF22FE9B5E000F905D /* SVIndefiniteAnimatedView.m in Sources */,
				D0F4360423025BFE00102335 /* XYApiClient.m in Sources */,
				D24BC6C822FEA297000F905D /* XYSafeTimer.m in Sources */,
				D24BC6C222FE9B5E000F905D /* FBShimmeringView.m in Sources */,
				D0F4361823025C0E00102335 /* XYDialog.m in Sources */,
				D24BC6BE22FE9B5E000F905D /* SVProgressHUD.m in Sources */,
				D24BC6BB22FE9B5E000F905D /* MMMaterialDesignSpinner.m in Sources */,
				D0F4361723025C0E00102335 /* XYMessageListViewController.m in Sources */,
				D0F4360323025BFE00102335 /* XYApiClientResponse.m in Sources */,
				D0F4362723025C2700102335 /* XYLoginViewController.m in Sources */,
				D24BC6C322FE9B5E000F905D /* DeformationButton.m in Sources */,
				D24BC6BD22FE9B5E000F905D /* SVProgressAnimatedView.m in Sources */,
				D0F4360223025BFE00102335 /* XYAccountAuth.m in Sources */,
				D0F4361A23025C0E00102335 /* XYMessageListViewModel.m in Sources */,
			);
			runOnlyForDeploymentPostprocessing = 0;
		};
/* End PBXSourcesBuildPhase section */

/* Begin PBXVariantGroup section */
		D24BC68C22FE98B2000F905D /* LaunchScreen.storyboard */ = {
			isa = PBXVariantGroup;
			children = (
				D24BC68D22FE98B2000F905D /* Base */,
			);
			name = LaunchScreen.storyboard;
			sourceTree = "<group>";
		};
/* End PBXVariantGroup section */

/* Begin XCBuildConfiguration section */
		D24BC69222FE98B2000F905D /* Debug */ = {
			isa = XCBuildConfiguration;
			buildSettings = {
				ALWAYS_SEARCH_USER_PATHS = NO;
				CLANG_ANALYZER_NONNULL = YES;
				CLANG_ANALYZER_NUMBER_OBJECT_CONVERSION = YES_AGGRESSIVE;
				CLANG_CXX_LANGUAGE_STANDARD = "gnu++14";
				CLANG_CXX_LIBRARY = "libc++";
				CLANG_ENABLE_MODULES = YES;
				CLANG_ENABLE_OBJC_ARC = YES;
				CLANG_ENABLE_OBJC_WEAK = YES;
				CLANG_WARN_BLOCK_CAPTURE_AUTORELEASING = YES;
				CLANG_WARN_BOOL_CONVERSION = YES;
				CLANG_WARN_COMMA = YES;
				CLANG_WARN_CONSTANT_CONVERSION = YES;
				CLANG_WARN_DEPRECATED_OBJC_IMPLEMENTATIONS = YES;
				CLANG_WARN_DIRECT_OBJC_ISA_USAGE = YES_ERROR;
				CLANG_WARN_DOCUMENTATION_COMMENTS = YES;
				CLANG_WARN_EMPTY_BODY = YES;
				CLANG_WARN_ENUM_CONVERSION = YES;
				CLANG_WARN_INFINITE_RECURSION = YES;
				CLANG_WARN_INT_CONVERSION = YES;
				CLANG_WARN_NON_LITERAL_NULL_CONVERSION = YES;
				CLANG_WARN_OBJC_IMPLICIT_RETAIN_SELF = YES;
				CLANG_WARN_OBJC_LITERAL_CONVERSION = YES;
				CLANG_WARN_OBJC_ROOT_CLASS = YES_ERROR;
				CLANG_WARN_RANGE_LOOP_ANALYSIS = YES;
				CLANG_WARN_STRICT_PROTOTYPES = YES;
				CLANG_WARN_SUSPICIOUS_MOVE = YES;
				CLANG_WARN_UNGUARDED_AVAILABILITY = YES_AGGRESSIVE;
				CLANG_WARN_UNREACHABLE_CODE = YES;
				CLANG_WARN__DUPLICATE_METHOD_MATCH = YES;
				CODE_SIGN_IDENTITY = "iPhone Developer";
				COPY_PHASE_STRIP = NO;
				DEBUG_INFORMATION_FORMAT = dwarf;
				ENABLE_STRICT_OBJC_MSGSEND = YES;
				ENABLE_TESTABILITY = YES;
				GCC_C_LANGUAGE_STANDARD = gnu11;
				GCC_DYNAMIC_NO_PIC = NO;
				GCC_NO_COMMON_BLOCKS = YES;
				GCC_OPTIMIZATION_LEVEL = 0;
				GCC_PREPROCESSOR_DEFINITIONS = (
					"DEBUG=1",
					"$(inherited)",
				);
				GCC_WARN_64_TO_32_BIT_CONVERSION = YES;
				GCC_WARN_ABOUT_RETURN_TYPE = YES_ERROR;
				GCC_WARN_UNDECLARED_SELECTOR = YES;
				GCC_WARN_UNINITIALIZED_AUTOS = YES_AGGRESSIVE;
				GCC_WARN_UNUSED_FUNCTION = YES;
				GCC_WARN_UNUSED_VARIABLE = YES;
				IPHONEOS_DEPLOYMENT_TARGET = 12.4;
				MTL_ENABLE_DEBUG_INFO = INCLUDE_SOURCE;
				MTL_FAST_MATH = YES;
				ONLY_ACTIVE_ARCH = YES;
				SDKROOT = iphoneos;
			};
			name = Debug;
		};
		D24BC69322FE98B2000F905D /* Release */ = {
			isa = XCBuildConfiguration;
			buildSettings = {
				ALWAYS_SEARCH_USER_PATHS = NO;
				CLANG_ANALYZER_NONNULL = YES;
				CLANG_ANALYZER_NUMBER_OBJECT_CONVERSION = YES_AGGRESSIVE;
				CLANG_CXX_LANGUAGE_STANDARD = "gnu++14";
				CLANG_CXX_LIBRARY = "libc++";
				CLANG_ENABLE_MODULES = YES;
				CLANG_ENABLE_OBJC_ARC = YES;
				CLANG_ENABLE_OBJC_WEAK = YES;
				CLANG_WARN_BLOCK_CAPTURE_AUTORELEASING = YES;
				CLANG_WARN_BOOL_CONVERSION = YES;
				CLANG_WARN_COMMA = YES;
				CLANG_WARN_CONSTANT_CONVERSION = YES;
				CLANG_WARN_DEPRECATED_OBJC_IMPLEMENTATIONS = YES;
				CLANG_WARN_DIRECT_OBJC_ISA_USAGE = YES_ERROR;
				CLANG_WARN_DOCUMENTATION_COMMENTS = YES;
				CLANG_WARN_EMPTY_BODY = YES;
				CLANG_WARN_ENUM_CONVERSION = YES;
				CLANG_WARN_INFINITE_RECURSION = YES;
				CLANG_WARN_INT_CONVERSION = YES;
				CLANG_WARN_NON_LITERAL_NULL_CONVERSION = YES;
				CLANG_WARN_OBJC_IMPLICIT_RETAIN_SELF = YES;
				CLANG_WARN_OBJC_LITERAL_CONVERSION = YES;
				CLANG_WARN_OBJC_ROOT_CLASS = YES_ERROR;
				CLANG_WARN_RANGE_LOOP_ANALYSIS = YES;
				CLANG_WARN_STRICT_PROTOTYPES = YES;
				CLANG_WARN_SUSPICIOUS_MOVE = YES;
				CLANG_WARN_UNGUARDED_AVAILABILITY = YES_AGGRESSIVE;
				CLANG_WARN_UNREACHABLE_CODE = YES;
				CLANG_WARN__DUPLICATE_METHOD_MATCH = YES;
				CODE_SIGN_IDENTITY = "iPhone Developer";
				COPY_PHASE_STRIP = NO;
				DEBUG_INFORMATION_FORMAT = "dwarf-with-dsym";
				ENABLE_NS_ASSERTIONS = NO;
				ENABLE_STRICT_OBJC_MSGSEND = YES;
				GCC_C_LANGUAGE_STANDARD = gnu11;
				GCC_NO_COMMON_BLOCKS = YES;
				GCC_WARN_64_TO_32_BIT_CONVERSION = YES;
				GCC_WARN_ABOUT_RETURN_TYPE = YES_ERROR;
				GCC_WARN_UNDECLARED_SELECTOR = YES;
				GCC_WARN_UNINITIALIZED_AUTOS = YES_AGGRESSIVE;
				GCC_WARN_UNUSED_FUNCTION = YES;
				GCC_WARN_UNUSED_VARIABLE = YES;
				IPHONEOS_DEPLOYMENT_TARGET = 12.4;
				MTL_ENABLE_DEBUG_INFO = NO;
				MTL_FAST_MATH = YES;
				SDKROOT = iphoneos;
				VALIDATE_PRODUCT = YES;
			};
			name = Release;
		};
		D24BC69522FE98B2000F905D /* Debug */ = {
			isa = XCBuildConfiguration;
			baseConfigurationReference = EF2B6BDF09F7F3F19E55B6D8 /* Pods-WebSocketChatDemo.debug.xcconfig */;
			buildSettings = {
				ASSETCATALOG_COMPILER_APPICON_NAME = AppIcon;
				CODE_SIGN_STYLE = Automatic;
				DEVELOPMENT_TEAM = NKW67GFDHM;
				GCC_PRECOMPILE_PREFIX_HEADER = YES;
				GCC_PREFIX_HEADER = WebSocketChatDemo/Define/XYPrefixHeader.pch;
				INFOPLIST_FILE = WebSocketChatDemo/Info.plist;
				IPHONEOS_DEPLOYMENT_TARGET = 11.0;
				LD_RUNPATH_SEARCH_PATHS = (
					"$(inherited)",
					"@executable_path/Frameworks",
				);
				PRODUCT_BUNDLE_IDENTIFIER = com.alpface.WebSocketChatDemo;
				PRODUCT_NAME = "$(TARGET_NAME)";
				TARGETED_DEVICE_FAMILY = "1,2";
			};
			name = Debug;
		};
		D24BC69622FE98B2000F905D /* Release */ = {
			isa = XCBuildConfiguration;
			baseConfigurationReference = BF5F68C2281EE800D915990E /* Pods-WebSocketChatDemo.release.xcconfig */;
			buildSettings = {
				ASSETCATALOG_COMPILER_APPICON_NAME = AppIcon;
				CODE_SIGN_STYLE = Automatic;
				DEVELOPMENT_TEAM = NKW67GFDHM;
				GCC_PRECOMPILE_PREFIX_HEADER = YES;
				GCC_PREFIX_HEADER = WebSocketChatDemo/Define/XYPrefixHeader.pch;
				INFOPLIST_FILE = WebSocketChatDemo/Info.plist;
				IPHONEOS_DEPLOYMENT_TARGET = 11.0;
				LD_RUNPATH_SEARCH_PATHS = (
					"$(inherited)",
					"@executable_path/Frameworks",
				);
				PRODUCT_BUNDLE_IDENTIFIER = com.alpface.WebSocketChatDemo;
				PRODUCT_NAME = "$(TARGET_NAME)";
				TARGETED_DEVICE_FAMILY = "1,2";
			};
			name = Release;
		};
/* End XCBuildConfiguration section */

/* Begin XCConfigurationList section */
		D24BC67922FE98AD000F905D /* Build configuration list for PBXProject "WebSocketChatDemo" */ = {
			isa = XCConfigurationList;
			buildConfigurations = (
				D24BC69222FE98B2000F905D /* Debug */,
				D24BC69322FE98B2000F905D /* Release */,
			);
			defaultConfigurationIsVisible = 0;
			defaultConfigurationName = Release;
		};
		D24BC69422FE98B2000F905D /* Build configuration list for PBXNativeTarget "WebSocketChatDemo" */ = {
			isa = XCConfigurationList;
			buildConfigurations = (
				D24BC69522FE98B2000F905D /* Debug */,
				D24BC69622FE98B2000F905D /* Release */,
			);
			defaultConfigurationIsVisible = 0;
			defaultConfigurationName = Release;
		};
/* End XCConfigurationList section */
	};
	rootObject = D24BC67622FE98AD000F905D /* Project object */;
}
